// !$*UTF8*$!
{
	archiveVersion = 1;
	classes = {
	};
	objectVersion = 46;
	objects = {

/* Begin PBXBuildFile section */
		A882AC4F1D378B45006C0C3E /* main.m in Sources */ = {isa = PBXBuildFile; fileRef = A882AC4E1D378B45006C0C3E /* main.m */; };
		A882AC521D378B45006C0C3E /* AppDelegate.m in Sources */ = {isa = PBXBuildFile; fileRef = A882AC511D378B45006C0C3E /* AppDelegate.m */; };
		A882AC551D378B45006C0C3E /* ViewController.m in Sources */ = {isa = PBXBuildFile; fileRef = A882AC541D378B45006C0C3E /* ViewController.m */; };
		A882AC581D378B45006C0C3E /* Main.storyboard in Resources */ = {isa = PBXBuildFile; fileRef = A882AC561D378B45006C0C3E /* Main.storyboard */; };
		A882AC5A1D378B45006C0C3E /* Assets.xcassets in Resources */ = {isa = PBXBuildFile; fileRef = A882AC591D378B45006C0C3E /* Assets.xcassets */; };
		A882AC5D1D378B45006C0C3E /* LaunchScreen.storyboard in Resources */ = {isa = PBXBuildFile; fileRef = A882AC5B1D378B45006C0C3E /* LaunchScreen.storyboard */; };
/* End PBXBuildFile section */

/* Begin PBXFileReference section */
		A882AC4A1D378B45006C0C3E /* sample.app */ = {isa = PBXFileReference; explicitFileType = wrapper.application; includeInIndex = 0; path = sample.app; sourceTree = BUILT_PRODUCTS_DIR; };
		A882AC4E1D378B45006C0C3E /* main.m */ = {isa = PBXFileReference; lastKnownFileType = sourcecode.c.objc; path = main.m; sourceTree = "<group>"; };
		A882AC501D378B45006C0C3E /* AppDelegate.h */ = {isa = PBXFileReference; lastKnownFileType = sourcecode.c.h; path = AppDelegate.h; sourceTree = "<group>"; };
		A882AC511D378B45006C0C3E /* AppDelegate.m */ = {isa = PBXFileReference; lastKnownFileType = sourcecode.c.objc; path = AppDelegate.m; sourceTree = "<group>"; };
		A882AC531D378B45006C0C3E /* ViewController.h */ = {isa = PBXFileReference; lastKnownFileType = sourcecode.c.h; path = ViewController.h; sourceTree = "<group>"; };
		A882AC541D378B45006C0C3E /* ViewController.m */ = {isa = PBXFileReference; lastKnownFileType = sourcecode.c.objc; path = ViewController.m; sourceTree = "<group>"; };
		A882AC571D378B45006C0C3E /* Base */ = {isa = PBXFileReference; lastKnownFileType = file.storyboard; name = Base; path = Base.lproj/Main.storyboard; sourceTree = "<group>"; };
		A882AC591D378B45006C0C3E /* Assets.xcassets */ = {isa = PBXFileReference; lastKnownFileType = folder.assetcatalog; path = Assets.xcassets; sourceTree = "<group>"; };
		A882AC5C1D378B45006C0C3E /* Base */ = {isa = PBXFileReference; lastKnownFileType = file.storyboard; name = Base; path = Base.lproj/LaunchScreen.storyboard; sourceTree = "<group>"; };
		A882AC5E1D378B45006C0C3E /* Info.plist */ = {isa = PBXFileReference; lastKnownFileType = text.plist.xml; path = Info.plist; sourceTree = "<group>"; };
/* End PBXFileReference section */

/* Begin PBXFrameworksBuildPhase section */
		A882AC471D378B45006C0C3E /* Frameworks */ = {
			isa = PBXFrameworksBuildPhase;
			buildActionMask = 2147483647;
			files = (
			);
			runOnlyForDeploymentPostprocessing = 0;
		};
/* End PBXFrameworksBuildPhase section */

/* Begin PBXGroup section */
		A882AC411D378B45006C0C3E = {
			isa = PBXGroup;
			children = (
				A882AC4C1D378B45006C0C3E /* sample */,
				A882AC4B1D378B45006C0C3E /* Products */,
			);
			sourceTree = "<group>";
		};
		A882AC4B1D378B45006C0C3E /* Products */ = {
			isa = PBXGroup;
			children = (
				A882AC4A1D378B45006C0C3E /* sample.app */,
			);
			name = Products;
			sourceTree = "<group>";
		};
		A882AC4C1D378B45006C0C3E /* sample */ = {
			isa = PBXGroup;
			children = (
				A882AC501D378B45006C0C3E /* AppDelegate.h */,
				A882AC511D378B45006C0C3E /* AppDelegate.m */,
				A882AC531D378B45006C0C3E /* ViewController.h */,
				A882AC541D378B45006C0C3E /* ViewController.m */,
				A882AC561D378B45006C0C3E /* Main.storyboard */,
				A882AC591D378B45006C0C3E /* Assets.xcassets */,
				A882AC5B1D378B45006C0C3E /* LaunchScreen.storyboard */,
				A882AC5E1D378B45006C0C3E /* Info.plist */,
				A882AC4D1D378B45006C0C3E /* Supporting Files */,
			);
			path = sample;
			sourceTree = "<group>";
		};
		A882AC4D1D378B45006C0C3E /* Supporting Files */ = {
			isa = PBXGroup;
			children = (
				A882AC4E1D378B45006C0C3E /* main.m */,
			);
			name = "Supporting Files";
			sourceTree = "<group>";
		};
/* End PBXGroup section */

/* Begin PBXNativeTarget section */
		A882AC491D378B45006C0C3E /* sample */ = {
			isa = PBXNativeTarget;
			buildConfigurationList = A882AC611D378B45006C0C3E /* Build configuration list for PBXNativeTarget "sample" */;
			buildPhases = (
				A882AC461D378B45006C0C3E /* Sources */,
				A882AC471D378B45006C0C3E /* Frameworks */,
				A882AC481D378B45006C0C3E /* Resources */,
			);
			buildRules = (
			);
			dependencies = (
			);
			name = sample;
			productName = sample;
			productReference = A882AC4A1D378B45006C0C3E /* sample.app */;
			productType = "com.apple.product-type.application";
		};
/* End PBXNativeTarget section */

/* Begin PBXProject section */
		A882AC421D378B45006C0C3E /* Project object */ = {
			isa = PBXProject;
			attributes = {
				LastUpgradeCheck = 0730;
				ORGANIZATIONNAME = Alexandra;
				TargetAttributes = {
					A882AC491D378B45006C0C3E = {
						CreatedOnToolsVersion = 7.3.1;
					};
				};
			};
			buildConfigurationList = A882AC451D378B45006C0C3E /* Build configuration list for PBXProject "sample" */;
			compatibilityVersion = "Xcode 3.2";
			developmentRegion = English;
			hasScannedForEncodings = 0;
			knownRegions = (
				en,
				Base,
			);
			mainGroup = A882AC411D378B45006C0C3E;
			productRefGroup = A882AC4B1D378B45006C0C3E /* Products */;
			projectDirPath = "";
			projectRoot = "";
			targets = (
				A882AC491D378B45006C0C3E /* sample */,
			);
		};
/* End PBXProject section */

/* Begin PBXResourcesBuildPhase section */
		A882AC481D378B45006C0C3E /* Resources */ = {
			isa = PBXResourcesBuildPhase;
			buildActionMask = 2147483647;
			files = (
				A882AC5D1D378B45006C0C3E /* LaunchScreen.storyboard in Resources */,
				A882AC5A1D378B45006C0C3E /* Assets.xcassets in Resources */,
				A882AC581D378B45006C0C3E /* Main.storyboard in Resources */,
			);
			runOnlyForDeploymentPostprocessing = 0;
		};
/* End PBXResourcesBuildPhase section */

/* Begin PBXSourcesBuildPhase section */
		A882AC461D378B45006C0C3E /* Sources */ = {
			isa = PBXSourcesBuildPhase;
			buildActionMask = 2147483647;
			files = (
				A882AC551D378B45006C0C3E /* ViewController.m in Sources */,
				A882AC521D378B45006C0C3E /* AppDelegate.m in Sources */,
				A882AC4F1D378B45006C0C3E /* main.m in Sources */,
			);
			runOnlyForDeploymentPostprocessing = 0;
		};
/* End PBXSourcesBuildPhase section */

/* Begin PBXVariantGroup section */
		A882AC561D378B45006C0C3E /* Main.storyboard */ = {
			isa = PBXVariantGroup;
			children = (
				A882AC571D378B45006C0C3E /* Base */,
			);
			name = Main.storyboard;
			sourceTree = "<group>";
		};
		A882AC5B1D378B45006C0C3E /* LaunchScreen.storyboard */ = {
			isa = PBXVariantGroup;
			children = (
				A882AC5C1D378B45006C0C3E /* Base */,
			);
			name = LaunchScreen.storyboard;
			sourceTree = "<group>";
		};
/* End PBXVariantGroup section */

/* Begin XCBuildConfiguration section */
		A882AC5F1D378B45006C0C3E /* Debug */ = {
			isa = XCBuildConfiguration;
			buildSettings = {
				ALWAYS_SEARCH_USER_PATHS = NO;
				CLANG_ANALYZER_NONNULL = YES;
				CLANG_CXX_LANGUAGE_STANDARD = "gnu++0x";
				CLANG_CXX_LIBRARY = "libc++";
				CLANG_ENABLE_MODULES = YES;
				CLANG_ENABLE_OBJC_ARC = YES;
				CLANG_WARN_BOOL_CONVERSION = YES;
				CLANG_WARN_CONSTANT_CONVERSION = YES;
				CLANG_WARN_DIRECT_OBJC_ISA_USAGE = YES_ERROR;
				CLANG_WARN_EMPTY_BODY = YES;
				CLANG_WARN_ENUM_CONVERSION = YES;
				CLANG_WARN_INT_CONVERSION = YES;
				CLANG_WARN_OBJC_ROOT_CLASS = YES_ERROR;
				CLANG_WARN_UNREACHABLE_CODE = YES;
				CLANG_WARN__DUPLICATE_METHOD_MATCH = YES;
				"CODE_SIGN_IDENTITY[sdk=iphoneos*]" = "iPhone Developer";
				COPY_PHASE_STRIP = NO;
				DEBUG_INFORMATION_FORMAT = dwarf;
				ENABLE_STRICT_OBJC_MSGSEND = YES;
				ENABLE_TESTABILITY = YES;
				GCC_C_LANGUAGE_STANDARD = gnu99;
				GCC_DYNAMIC_NO_PIC = NO;
				GCC_NO_COMMON_BLOCKS = YES;
				GCC_OPTIMIZATION_LEVEL = 0;
				GCC_PREPROCESSOR_DEFINITIONS = (
					"DEBUG=1",
					"$(inherited)",
				);
				GCC_WARN_64_TO_32_BIT_CONVERSION = YES;
				GCC_WARN_ABOUT_RETURN_TYPE = YES_ERROR;
				GCC_WARN_UNDECLARED_SELECTOR = YES;
				GCC_WARN_UNINITIALIZED_AUTOS = YES_AGGRESSIVE;
				GCC_WARN_UNUSED_FUNCTION = YES;
				GCC_WARN_UNUSED_VARIABLE = YES;
				IPHONEOS_DEPLOYMENT_TARGET = 9.3;
				MTL_ENABLE_DEBUG_INFO = YES;
				ONLY_ACTIVE_ARCH = YES;
				SDKROOT = iphoneos;
				TARGETED_DEVICE_FAMILY = "1,2";
			};
			name = Debug;
		};
		A882AC601D378B45006C0C3E /* Release */ = {
			isa = XCBuildConfiguration;
			buildSettings = {
				ALWAYS_SEARCH_USER_PATHS = NO;
				CLANG_ANALYZER_NONNULL = YES;
				CLANG_CXX_LANGUAGE_STANDARD = "gnu++0x";
				CLANG_CXX_LIBRARY = "libc++";
				CLANG_ENABLE_MODULES = YES;
				CLANG_ENABLE_OBJC_ARC = YES;
				CLANG_WARN_BOOL_CONVERSION = YES;
				CLANG_WARN_CONSTANT_CONVERSION = YES;
				CLANG_WARN_DIRECT_OBJC_ISA_USAGE = YES_ERROR;
				CLANG_WARN_EMPTY_BODY = YES;
				CLANG_WARN_ENUM_CONVERSION = YES;
				CLANG_WARN_INT_CONVERSION = YES;
				CLANG_WARN_OBJC_ROOT_CLASS = YES_ERROR;
				CLANG_WARN_UNREACHABLE_CODE = YES;
				CLANG_WARN__DUPLICATE_METHOD_MATCH = YES;
				"CODE_SIGN_IDENTITY[sdk=iphoneos*]" = "iPhone Developer";
				COPY_PHASE_STRIP = NO;
				DEBUG_INFORMATION_FORMAT = "dwarf-with-dsym";
				ENABLE_NS_ASSERTIONS = NO;
				ENABLE_STRICT_OBJC_MSGSEND = YES;
				GCC_C_LANGUAGE_STANDARD = gnu99;
				GCC_NO_COMMON_BLOCKS = YES;
				GCC_WARN_64_TO_32_BIT_CONVERSION = YES;
				GCC_WARN_ABOUT_RETURN_TYPE = YES_ERROR;
				GCC_WARN_UNDECLARED_SELECTOR = YES;
				GCC_WARN_UNINITIALIZED_AUTOS = YES_AGGRESSIVE;
				GCC_WARN_UNUSED_FUNCTION = YES;
				GCC_WARN_UNUSED_VARIABLE = YES;
				IPHONEOS_DEPLOYMENT_TARGET = 9.3;
				MTL_ENABLE_DEBUG_INFO = NO;
				SDKROOT = iphoneos;
				TARGETED_DEVICE_FAMILY = "1,2";
				VALIDATE_PRODUCT = YES;
			};
			name = Release;
		};
		A882AC621D378B45006C0C3E /* Debug */ = {
			isa = XCBuildConfiguration;
			buildSettings = {
				ASSETCATALOG_COMPILER_APPICON_NAME = AppIcon;
				INFOPLIST_FILE = sample/Info.plist;
				LD_RUNPATH_SEARCH_PATHS = "$(inherited) @executable_path/Frameworks";
				PRODUCT_BUNDLE_IDENTIFIER = sbt.sample;
				PRODUCT_NAME = "$(TARGET_NAME)";
				TARGETED_DEVICE_FAMILY = 1;
			};
			name = Debug;
		};
		A882AC631D378B45006C0C3E /* Release */ = {
			isa = XCBuildConfiguration;
			buildSettings = {
				ASSETCATALOG_COMPILER_APPICON_NAME = AppIcon;
				INFOPLIST_FILE = sample/Info.plist;
				LD_RUNPATH_SEARCH_PATHS = "$(inherited) @executable_path/Frameworks";
				PRODUCT_BUNDLE_IDENTIFIER = sbt.sample;
				PRODUCT_NAME = "$(TARGET_NAME)";
				TARGETED_DEVICE_FAMILY = 1;
			};
			name = Release;
		};
/* End XCBuildConfiguration section */

/* Begin XCConfigurationList section */
		A882AC451D378B45006C0C3E /* Build configuration list for PBXProject "sample" */ = {
			isa = XCConfigurationList;
			buildConfigurations = (
				A882AC5F1D378B45006C0C3E /* Debug */,
				A882AC601D378B45006C0C3E /* Release */,
			);
			defaultConfigurationIsVisible = 0;
			defaultConfigurationName = Release;
		};
		A882AC611D378B45006C0C3E /* Build configuration list for PBXNativeTarget "sample" */ = {
			isa = XCConfigurationList;
			buildConfigurations = (
				A882AC621D378B45006C0C3E /* Debug */,
				A882AC631D378B45006C0C3E /* Release */,
			);
			defaultConfigurationIsVisible = 0;
		};
/* End XCConfigurationList section */
	};
	rootObject = A882AC421D378B45006C0C3E /* Project object */;
}
